{
  "name": "rvemu",
  "version": "0.1.0",
  "lockfileVersion": 1,
  "requires": true,
  "dependencies": {
    "rvemu": {
      "version": "file:pkg"
    },
    "xterm": {
      "version": "4.3.0",
      "resolved": "https://registry.npmjs.org/xterm/-/xterm-4.3.0.tgz",
      "integrity": "sha512-6dnrC4nxgnRKQzIWwC5HA0mnT9/rpDPZflUIr24gdcdSMTKM1QQcor4qQ/xz4Zerz6AIL/CuuBPypFfzsB63dQ=="
    },
    "xterm-addon-fit": {
      "version": "0.3.0",
      "resolved": "https://registry.npmjs.org/xterm-addon-fit/-/xterm-addon-fit-0.3.0.tgz",
      "integrity": "sha512-kvkiqHVrnMXgyCH9Xn0BOBJ7XaWC/4BgpSWQy3SueqximgW630t/QOankgqkvk11iTOCwWdAY9DTyQBXUMN3lw=="
    }
  }
}
